
Microsoft Visual Studio Solution File, Format Version 12.00
# Visual Studio Version 17
VisualStudioVersion = 17.7.34031.279
MinimumVisualStudioVersion = 10.0.40219.1
Project("{9A19103F-16F7-4668-BE54-9A1E7A4F7556}") = "OdbDesignViewer", "OdbDesignViewer\OdbDesignViewer.csproj", "{217D6B42-41AB-4C93-9E93-82F51771DB6A}"
EndProject
Project("{9A19103F-16F7-4668-BE54-9A1E7A4F7556}") = "OdbDesignClientLib", "OdbDesignClientLib\OdbDesignClientLib.csproj", "{21813149-6682-467C-B2C0-A3F2D8FE9A97}"
EndProject
Project("{9A19103F-16F7-4668-BE54-9A1E7A4F7556}") = "Utils", "Utils\Utils.csproj", "{71F104BC-4B0D-44E8-8AA8-FC8D1C14CB5E}"
EndProject
Project("{FAE04EC0-301F-11D3-BF4B-00C04F79EFBC}") = "OdbDesignClient", "OdbDesignClient\OdbDesignClient.csproj", "{23D97DD4-D191-478B-8625-604DCE4F787D}"
EndProject
Global
	GlobalSection(SolutionConfigurationPlatforms) = preSolution
		Debug|Any CPU = Debug|Any CPU
		Release|Any CPU = Release|Any CPU
	EndGlobalSection
	GlobalSection(ProjectConfigurationPlatforms) = postSolution
		{217D6B42-41AB-4C93-9E93-82F51771DB6A}.Debug|Any CPU.ActiveCfg = Debug|Any CPU
		{217D6B42-41AB-4C93-9E93-82F51771DB6A}.Debug|Any CPU.Build.0 = Debug|Any CPU
		{217D6B42-41AB-4C93-9E93-82F51771DB6A}.Release|Any CPU.ActiveCfg = Release|Any CPU
		{217D6B42-41AB-4C93-9E93-82F51771DB6A}.Release|Any CPU.Build.0 = Release|Any CPU
		{21813149-6682-467C-B2C0-A3F2D8FE9A97}.Debug|Any CPU.ActiveCfg = Debug|Any CPU
		{21813149-6682-467C-B2C0-A3F2D8FE9A97}.Debug|Any CPU.Build.0 = Debug|Any CPU
		{21813149-6682-467C-B2C0-A3F2D8FE9A97}.Release|Any CPU.ActiveCfg = Release|Any CPU
		{21813149-6682-467C-B2C0-A3F2D8FE9A97}.Release|Any CPU.Build.0 = Release|Any CPU
		{71F104BC-4B0D-44E8-8AA8-FC8D1C14CB5E}.Debug|Any CPU.ActiveCfg = Debug|Any CPU
		{71F104BC-4B0D-44E8-8AA8-FC8D1C14CB5E}.Debug|Any CPU.Build.0 = Debug|Any CPU
		{71F104BC-4B0D-44E8-8AA8-FC8D1C14CB5E}.Release|Any CPU.ActiveCfg = Release|Any CPU
		{71F104BC-4B0D-44E8-8AA8-FC8D1C14CB5E}.Release|Any CPU.Build.0 = Release|Any CPU
		{23D97DD4-D191-478B-8625-604DCE4F787D}.Debug|Any CPU.ActiveCfg = Debug|Any CPU
		{23D97DD4-D191-478B-8625-604DCE4F787D}.Debug|Any CPU.Build.0 = Debug|Any CPU
		{23D97DD4-D191-478B-8625-604DCE4F787D}.Release|Any CPU.ActiveCfg = Release|Any CPU
		{23D97DD4-D191-478B-8625-604DCE4F787D}.Release|Any CPU.Build.0 = Release|Any CPU
	EndGlobalSection
	GlobalSection(SolutionProperties) = preSolution
		HideSolutionNode = FALSE
	EndGlobalSection
	GlobalSection(ExtensibilityGlobals) = postSolution
		SolutionGuid = {499F5A6A-260F-46D1-8332-2E4F2FD95553}
	EndGlobalSection
EndGlobal
